// !$*UTF8*$!
{
	archiveVersion = 1;
	classes = {
	};
	objectVersion = 50;
	objects = {

/* Begin PBXBuildFile section */
		184712A92499E51B005EECB1 /* AppDelegate.m in Sources */ = {isa = PBXBuildFile; fileRef = 184712A82499E51B005EECB1 /* AppDelegate.m */; };
		184712AC2499E51B005EECB1 /* SceneDelegate.m in Sources */ = {isa = PBXBuildFile; fileRef = 184712AB2499E51B005EECB1 /* SceneDelegate.m */; };
		184712AF2499E51B005EECB1 /* ViewController.m in Sources */ = {isa = PBXBuildFile; fileRef = 184712AE2499E51B005EECB1 /* ViewController.m */; };
		184712B22499E51B005EECB1 /* Main.storyboard in Resources */ = {isa = PBXBuildFile; fileRef = 184712B02499E51B005EECB1 /* Main.storyboard */; };
		184712B42499E51C005EECB1 /* Assets.xcassets in Resources */ = {isa = PBXBuildFile; fileRef = 184712B32499E51C005EECB1 /* Assets.xcassets */; };
		184712B72499E51C005EECB1 /* LaunchScreen.storyboard in Resources */ = {isa = PBXBuildFile; fileRef = 184712B52499E51C005EECB1 /* LaunchScreen.storyboard */; };
		184712BA2499E51C005EECB1 /* main.m in Sources */ = {isa = PBXBuildFile; fileRef = 184712B92499E51C005EECB1 /* main.m */; };
/* End PBXBuildFile section */

/* Begin PBXFileReference section */
		184712A42499E51B005EECB1 /* FFmpegToolDemo.app */ = {isa = PBXFileReference; explicitFileType = wrapper.application; includeInIndex = 0; path = FFmpegToolDemo.app; sourceTree = BUILT_PRODUCTS_DIR; };
		184712A72499E51B005EECB1 /* AppDelegate.h */ = {isa = PBXFileReference; lastKnownFileType = sourcecode.c.h; path = AppDelegate.h; sourceTree = "<group>"; };
		184712A82499E51B005EECB1 /* AppDelegate.m */ = {isa = PBXFileReference; lastKnownFileType = sourcecode.c.objc; path = AppDelegate.m; sourceTree = "<group>"; };
		184712AA2499E51B005EECB1 /* SceneDelegate.h */ = {isa = PBXFileReference; lastKnownFileType = sourcecode.c.h; path = SceneDelegate.h; sourceTree = "<group>"; };
		184712AB2499E51B005EECB1 /* SceneDelegate.m */ = {isa = PBXFileReference; lastKnownFileType = sourcecode.c.objc; path = SceneDelegate.m; sourceTree = "<group>"; };
		184712AD2499E51B005EECB1 /* ViewController.h */ = {isa = PBXFileReference; lastKnownFileType = sourcecode.c.h; path = ViewController.h; sourceTree = "<group>"; };
		184712AE2499E51B005EECB1 /* ViewController.m */ = {isa = PBXFileReference; lastKnownFileType = sourcecode.c.objc; path = ViewController.m; sourceTree = "<group>"; };
		184712B12499E51B005EECB1 /* Base */ = {isa = PBXFileReference; lastKnownFileType = file.storyboard; name = Base; path = Base.lproj/Main.storyboard; sourceTree = "<group>"; };
		184712B32499E51C005EECB1 /* Assets.xcassets */ = {isa = PBXFileReference; lastKnownFileType = folder.assetcatalog; path = Assets.xcassets; sourceTree = "<group>"; };
		184712B62499E51C005EECB1 /* Base */ = {isa = PBXFileReference; lastKnownFileType = file.storyboard; name = Base; path = Base.lproj/LaunchScreen.storyboard; sourceTree = "<group>"; };
		184712B82499E51C005EECB1 /* Info.plist */ = {isa = PBXFileReference; lastKnownFileType = text.plist.xml; path = Info.plist; sourceTree = "<group>"; };
		184712B92499E51C005EECB1 /* main.m */ = {isa = PBXFileReference; lastKnownFileType = sourcecode.c.objc; path = main.m; sourceTree = "<group>"; };
/* End PBXFileReference section */

/* Begin PBXFrameworksBuildPhase section */
		184712A12499E51B005EECB1 /* Frameworks */ = {
			isa = PBXFrameworksBuildPhase;
			buildActionMask = 2147483647;
			files = (
			);
			runOnlyForDeploymentPostprocessing = 0;
		};
/* End PBXFrameworksBuildPhase section */

/* Begin PBXGroup section */
		1847129B2499E51B005EECB1 = {
			isa = PBXGroup;
			children = (
				184712A62499E51B005EECB1 /* FFmpegToolDemo */,
				184712A52499E51B005EECB1 /* Products */,
			);
			sourceTree = "<group>";
		};
		184712A52499E51B005EECB1 /* Products */ = {
			isa = PBXGroup;
			children = (
				184712A42499E51B005EECB1 /* FFmpegToolDemo.app */,
			);
			name = Products;
			sourceTree = "<group>";
		};
		184712A62499E51B005EECB1 /* FFmpegToolDemo */ = {
			isa = PBXGroup;
			children = (
				184712A72499E51B005EECB1 /* AppDelegate.h */,
				184712A82499E51B005EECB1 /* AppDelegate.m */,
				184712AA2499E51B005EECB1 /* SceneDelegate.h */,
				184712AB2499E51B005EECB1 /* SceneDelegate.m */,
				184712AD2499E51B005EECB1 /* ViewController.h */,
				184712AE2499E51B005EECB1 /* ViewController.m */,
				184712B02499E51B005EECB1 /* Main.storyboard */,
				184712B32499E51C005EECB1 /* Assets.xcassets */,
				184712B52499E51C005EECB1 /* LaunchScreen.storyboard */,
				184712B82499E51C005EECB1 /* Info.plist */,
				184712B92499E51C005EECB1 /* main.m */,
			);
			path = FFmpegToolDemo;
			sourceTree = "<group>";
		};
/* End PBXGroup section */

/* Begin PBXNativeTarget section */
		184712A32499E51B005EECB1 /* FFmpegToolDemo */ = {
			isa = PBXNativeTarget;
			buildConfigurationList = 184712BD2499E51C005EECB1 /* Build configuration list for PBXNativeTarget "FFmpegToolDemo" */;
			buildPhases = (
				184712A02499E51B005EECB1 /* Sources */,
				184712A12499E51B005EECB1 /* Frameworks */,
				184712A22499E51B005EECB1 /* Resources */,
			);
			buildRules = (
			);
			dependencies = (
			);
			name = FFmpegToolDemo;
			productName = FFmpegToolDemo;
			productReference = 184712A42499E51B005EECB1 /* FFmpegToolDemo.app */;
			productType = "com.apple.product-type.application";
		};
/* End PBXNativeTarget section */

/* Begin PBXProject section */
		1847129C2499E51B005EECB1 /* Project object */ = {
			isa = PBXProject;
			attributes = {
				LastUpgradeCheck = 1150;
				ORGANIZATIONNAME = "发抖喵";
				TargetAttributes = {
					184712A32499E51B005EECB1 = {
						CreatedOnToolsVersion = 11.5;
					};
				};
			};
			buildConfigurationList = 1847129F2499E51B005EECB1 /* Build configuration list for PBXProject "FFmpegToolDemo" */;
			compatibilityVersion = "Xcode 9.3";
			developmentRegion = en;
			hasScannedForEncodings = 0;
			knownRegions = (
				en,
				Base,
			);
			mainGroup = 1847129B2499E51B005EECB1;
			productRefGroup = 184712A52499E51B005EECB1 /* Products */;
			projectDirPath = "";
			projectRoot = "";
			targets = (
				184712A32499E51B005EECB1 /* FFmpegToolDemo */,
			);
		};
/* End PBXProject section */

/* Begin PBXResourcesBuildPhase section */
		184712A22499E51B005EECB1 /* Resources */ = {
			isa = PBXResourcesBuildPhase;
			buildActionMask = 2147483647;
			files = (
				184712B72499E51C005EECB1 /* LaunchScreen.storyboard in Resources */,
				184712B42499E51C005EECB1 /* Assets.xcassets in Resources */,
				184712B22499E51B005EECB1 /* Main.storyboard in Resources */,
			);
			runOnlyForDeploymentPostprocessing = 0;
		};
/* End PBXResourcesBuildPhase section */

/* Begin PBXSourcesBuildPhase section */
		184712A02499E51B005EECB1 /* Sources */ = {
			isa = PBXSourcesBuildPhase;
			buildActionMask = 2147483647;
			files = (
				184712AF2499E51B005EECB1 /* ViewController.m in Sources */,
				184712A92499E51B005EECB1 /* AppDelegate.m in Sources */,
				184712BA2499E51C005EECB1 /* main.m in Sources */,
				184712AC2499E51B005EECB1 /* SceneDelegate.m in Sources */,
			);
			runOnlyForDeploymentPostprocessing = 0;
		};
/* End PBXSourcesBuildPhase section */

/* Begin PBXVariantGroup section */
		184712B02499E51B005EECB1 /* Main.storyboard */ = {
			isa = PBXVariantGroup;
			children = (
				184712B12499E51B005EECB1 /* Base */,
			);
			name = Main.storyboard;
			sourceTree = "<group>";
		};
		184712B52499E51C005EECB1 /* LaunchScreen.storyboard */ = {
			isa = PBXVariantGroup;
			children = (
				184712B62499E51C005EECB1 /* Base */,
			);
			name = LaunchScreen.storyboard;
			sourceTree = "<group>";
		};
/* End PBXVariantGroup section */

/* Begin XCBuildConfiguration section */
		184712BB2499E51C005EECB1 /* Debug */ = {
			isa = XCBuildConfiguration;
			buildSettings = {
				ALWAYS_SEARCH_USER_PATHS = NO;
				CLANG_ANALYZER_NONNULL = YES;
				CLANG_ANALYZER_NUMBER_OBJECT_CONVERSION = YES_AGGRESSIVE;
				CLANG_CXX_LANGUAGE_STANDARD = "gnu++14";
				CLANG_CXX_LIBRARY = "libc++";
				CLANG_ENABLE_MODULES = YES;
				CLANG_ENABLE_OBJC_ARC = YES;
				CLANG_ENABLE_OBJC_WEAK = YES;
				CLANG_WARN_BLOCK_CAPTURE_AUTORELEASING = YES;
				CLANG_WARN_BOOL_CONVERSION = YES;
				CLANG_WARN_COMMA = YES;
				CLANG_WARN_CONSTANT_CONVERSION = YES;
				CLANG_WARN_DEPRECATED_OBJC_IMPLEMENTATIONS = YES;
				CLANG_WARN_DIRECT_OBJC_ISA_USAGE = YES_ERROR;
				CLANG_WARN_DOCUMENTATION_COMMENTS = YES;
				CLANG_WARN_EMPTY_BODY = YES;
				CLANG_WARN_ENUM_CONVERSION = YES;
				CLANG_WARN_INFINITE_RECURSION = YES;
				CLANG_WARN_INT_CONVERSION = YES;
				CLANG_WARN_NON_LITERAL_NULL_CONVERSION = YES;
				CLANG_WARN_OBJC_IMPLICIT_RETAIN_SELF = YES;
				CLANG_WARN_OBJC_LITERAL_CONVERSION = YES;
				CLANG_WARN_OBJC_ROOT_CLASS = YES_ERROR;
				CLANG_WARN_RANGE_LOOP_ANALYSIS = YES;
				CLANG_WARN_STRICT_PROTOTYPES = YES;
				CLANG_WARN_SUSPICIOUS_MOVE = YES;
				CLANG_WARN_UNGUARDED_AVAILABILITY = YES_AGGRESSIVE;
				CLANG_WARN_UNREACHABLE_CODE = YES;
				CLANG_WARN__DUPLICATE_METHOD_MATCH = YES;
				COPY_PHASE_STRIP = NO;
				DEBUG_INFORMATION_FORMAT = dwarf;
				ENABLE_STRICT_OBJC_MSGSEND = YES;
				ENABLE_TESTABILITY = YES;
				GCC_C_LANGUAGE_STANDARD = gnu11;
				GCC_DYNAMIC_NO_PIC = NO;
				GCC_NO_COMMON_BLOCKS = YES;
				GCC_OPTIMIZATION_LEVEL = 0;
				GCC_PREPROCESSOR_DEFINITIONS = (
					"DEBUG=1",
					"$(inherited)",
				);
				GCC_WARN_64_TO_32_BIT_CONVERSION = YES;
				GCC_WARN_ABOUT_RETURN_TYPE = YES_ERROR;
				GCC_WARN_UNDECLARED_SELECTOR = YES;
				GCC_WARN_UNINITIALIZED_AUTOS = YES_AGGRESSIVE;
				GCC_WARN_UNUSED_FUNCTION = YES;
				GCC_WARN_UNUSED_VARIABLE = YES;
				IPHONEOS_DEPLOYMENT_TARGET = 13.5;
				MTL_ENABLE_DEBUG_INFO = INCLUDE_SOURCE;
				MTL_FAST_MATH = YES;
				ONLY_ACTIVE_ARCH = YES;
				SDKROOT = iphoneos;
			};
			name = Debug;
		};
		184712BC2499E51C005EECB1 /* Release */ = {
			isa = XCBuildConfiguration;
			buildSettings = {
				ALWAYS_SEARCH_USER_PATHS = NO;
				CLANG_ANALYZER_NONNULL = YES;
				CLANG_ANALYZER_NUMBER_OBJECT_CONVERSION = YES_AGGRESSIVE;
				CLANG_CXX_LANGUAGE_STANDARD = "gnu++14";
				CLANG_CXX_LIBRARY = "libc++";
				CLANG_ENABLE_MODULES = YES;
				CLANG_ENABLE_OBJC_ARC = YES;
				CLANG_ENABLE_OBJC_WEAK = YES;
				CLANG_WARN_BLOCK_CAPTURE_AUTORELEASING = YES;
				CLANG_WARN_BOOL_CONVERSION = YES;
				CLANG_WARN_COMMA = YES;
				CLANG_WARN_CONSTANT_CONVERSION = YES;
				CLANG_WARN_DEPRECATED_OBJC_IMPLEMENTATIONS = YES;
				CLANG_WARN_DIRECT_OBJC_ISA_USAGE = YES_ERROR;
				CLANG_WARN_DOCUMENTATION_COMMENTS = YES;
				CLANG_WARN_EMPTY_BODY = YES;
				CLANG_WARN_ENUM_CONVERSION = YES;
				CLANG_WARN_INFINITE_RECURSION = YES;
				CLANG_WARN_INT_CONVERSION = YES;
				CLANG_WARN_NON_LITERAL_NULL_CONVERSION = YES;
				CLANG_WARN_OBJC_IMPLICIT_RETAIN_SELF = YES;
				CLANG_WARN_OBJC_LITERAL_CONVERSION = YES;
				CLANG_WARN_OBJC_ROOT_CLASS = YES_ERROR;
				CLANG_WARN_RANGE_LOOP_ANALYSIS = YES;
				CLANG_WARN_STRICT_PROTOTYPES = YES;
				CLANG_WARN_SUSPICIOUS_MOVE = YES;
				CLANG_WARN_UNGUARDED_AVAILABILITY = YES_AGGRESSIVE;
				CLANG_WARN_UNREACHABLE_CODE = YES;
				CLANG_WARN__DUPLICATE_METHOD_MATCH = YES;
				COPY_PHASE_STRIP = NO;
				DEBUG_INFORMATION_FORMAT = "dwarf-with-dsym";
				ENABLE_NS_ASSERTIONS = NO;
				ENABLE_STRICT_OBJC_MSGSEND = YES;
				GCC_C_LANGUAGE_STANDARD = gnu11;
				GCC_NO_COMMON_BLOCKS = YES;
				GCC_WARN_64_TO_32_BIT_CONVERSION = YES;
				GCC_WARN_ABOUT_RETURN_TYPE = YES_ERROR;
				GCC_WARN_UNDECLARED_SELECTOR = YES;
				GCC_WARN_UNINITIALIZED_AUTOS = YES_AGGRESSIVE;
				GCC_WARN_UNUSED_FUNCTION = YES;
				GCC_WARN_UNUSED_VARIABLE = YES;
				IPHONEOS_DEPLOYMENT_TARGET = 13.5;
				MTL_ENABLE_DEBUG_INFO = NO;
				MTL_FAST_MATH = YES;
				SDKROOT = iphoneos;
				VALIDATE_PRODUCT = YES;
			};
			name = Release;
		};
		184712BE2499E51C005EECB1 /* Debug */ = {
			isa = XCBuildConfiguration;
			buildSettings = {
				ASSETCATALOG_COMPILER_APPICON_NAME = AppIcon;
				CODE_SIGN_STYLE = Automatic;
				DEVELOPMENT_TEAM = 75C84DSWC2;
				INFOPLIST_FILE = FFmpegToolDemo/Info.plist;
				LD_RUNPATH_SEARCH_PATHS = (
					"$(inherited)",
					"@executable_path/Frameworks",
				);
				PRODUCT_BUNDLE_IDENTIFIER = FDM.FFmpegToolDemo;
				PRODUCT_NAME = "$(TARGET_NAME)";
				TARGETED_DEVICE_FAMILY = "1,2";
			};
			name = Debug;
		};
		184712BF2499E51C005EECB1 /* Release */ = {
			isa = XCBuildConfiguration;
			buildSettings = {
				ASSETCATALOG_COMPILER_APPICON_NAME = AppIcon;
				CODE_SIGN_STYLE = Automatic;
				DEVELOPMENT_TEAM = 75C84DSWC2;
				INFOPLIST_FILE = FFmpegToolDemo/Info.plist;
				LD_RUNPATH_SEARCH_PATHS = (
					"$(inherited)",
					"@executable_path/Frameworks",
				);
				PRODUCT_BUNDLE_IDENTIFIER = FDM.FFmpegToolDemo;
				PRODUCT_NAME = "$(TARGET_NAME)";
				TARGETED_DEVICE_FAMILY = "1,2";
			};
			name = Release;
		};
/* End XCBuildConfiguration section */

/* Begin XCConfigurationList section */
		1847129F2499E51B005EECB1 /* Build configuration list for PBXProject "FFmpegToolDemo" */ = {
			isa = XCConfigurationList;
			buildConfigurations = (
				184712BB2499E51C005EECB1 /* Debug */,
				184712BC2499E51C005EECB1 /* Release */,
			);
			defaultConfigurationIsVisible = 0;
			defaultConfigurationName = Release;
		};
		184712BD2499E51C005EECB1 /* Build configuration list for PBXNativeTarget "FFmpegToolDemo" */ = {
			isa = XCConfigurationList;
			buildConfigurations = (
				184712BE2499E51C005EECB1 /* Debug */,
				184712BF2499E51C005EECB1 /* Release */,
			);
			defaultConfigurationIsVisible = 0;
			defaultConfigurationName = Release;
		};
/* End XCConfigurationList section */
	};
	rootObject = 1847129C2499E51B005EECB1 /* Project object */;
}
